// !$*UTF8*$!
{
	archiveVersion = 1;
	classes = {
	};
	objectVersion = 46;
	objects = {

/* Begin PBXBuildFile section */
		130410A3B50AFD3DF0707FD0 /* libPods-Project2.a in Frameworks */ = {isa = PBXBuildFile; fileRef = 3D1D9CB578CB7663441D4F37 /* libPods-Project2.a */; };
		D63D05091EB2D1A400427286 /* Project2.m in Sources */ = {isa = PBXBuildFile; fileRef = D63D05081EB2D1A400427286 /* Project2.m */; };
		D63D050A1EB2D1A400427286 /* Project2.h in CopyFiles */ = {isa = PBXBuildFile; fileRef = D63D05071EB2D1A400427286 /* Project2.h */; };
/* End PBXBuildFile section */

/* Begin PBXCopyFilesBuildPhase section */
		D63D05021EB2D1A400427286 /* CopyFiles */ = {
			isa = PBXCopyFilesBuildPhase;
			buildActionMask = 2147483647;
			dstPath = "include/$(PRODUCT_NAME)";
			dstSubfolderSpec = 16;
			files = (
				D63D050A1EB2D1A400427286 /* Project2.h in CopyFiles */,
			);
			runOnlyForDeploymentPostprocessing = 0;
		};
/* End PBXCopyFilesBuildPhase section */

/* Begin PBXFileReference section */
		3D1D9CB578CB7663441D4F37 /* libPods-Project2.a */ = {isa = PBXFileReference; explicitFileType = archive.ar; includeInIndex = 0; path = "libPods-Project2.a"; sourceTree = BUILT_PRODUCTS_DIR; };
		9C1CB706888D246FD97B9418 /* Pods-Project2.debug.xcconfig */ = {isa = PBXFileReference; includeInIndex = 1; lastKnownFileType = text.xcconfig; name = "Pods-Project2.debug.xcconfig"; path = "../Pods/Target Support Files/Pods-Project2/Pods-Project2.debug.xcconfig"; sourceTree = "<group>"; };
		A32C1CD4FBB3C9B1E2A95B86 /* Pods-Project2.release.xcconfig */ = {isa = PBXFileReference; includeInIndex = 1; lastKnownFileType = text.xcconfig; name = "Pods-Project2.release.xcconfig"; path = "../Pods/Target Support Files/Pods-Project2/Pods-Project2.release.xcconfig"; sourceTree = "<group>"; };
		D63D05041EB2D1A400427286 /* libProject2.a */ = {isa = PBXFileReference; explicitFileType = archive.ar; includeInIndex = 0; path = libProject2.a; sourceTree = BUILT_PRODUCTS_DIR; };
		D63D05071EB2D1A400427286 /* Project2.h */ = {isa = PBXFileReference; lastKnownFileType = sourcecode.c.h; path = Project2.h; sourceTree = "<group>"; };
		D63D05081EB2D1A400427286 /* Project2.m */ = {isa = PBXFileReference; lastKnownFileType = sourcecode.c.objc; path = Project2.m; sourceTree = "<group>"; };
/* End PBXFileReference section */

/* Begin PBXFrameworksBuildPhase section */
		D63D05011EB2D1A400427286 /* Frameworks */ = {
			isa = PBXFrameworksBuildPhase;
			buildActionMask = 2147483647;
			files = (
				130410A3B50AFD3DF0707FD0 /* libPods-Project2.a in Frameworks */,
			);
			runOnlyForDeploymentPostprocessing = 0;
		};
/* End PBXFrameworksBuildPhase section */

/* Begin PBXGroup section */
		BA0B7A3EC13D67B61BC6B7CA /* Pods */ = {
			isa = PBXGroup;
			children = (
				9C1CB706888D246FD97B9418 /* Pods-Project2.debug.xcconfig */,
				A32C1CD4FBB3C9B1E2A95B86 /* Pods-Project2.release.xcconfig */,
			);
			name = Pods;
			sourceTree = "<group>";
		};
		D63D04FB1EB2D1A400427286 = {
			isa = PBXGroup;
			children = (
				D63D05061EB2D1A400427286 /* Project2 */,
				D63D05051EB2D1A400427286 /* Products */,
				BA0B7A3EC13D67B61BC6B7CA /* Pods */,
				ED9FCA6F6C41979ED5DC526F /* Frameworks */,
			);
			sourceTree = "<group>";
		};
		D63D05051EB2D1A400427286 /* Products */ = {
			isa = PBXGroup;
			children = (
				D63D05041EB2D1A400427286 /* libProject2.a */,
			);
			name = Products;
			sourceTree = "<group>";
		};
		D63D05061EB2D1A400427286 /* Project2 */ = {
			isa = PBXGroup;
			children = (
				D63D05071EB2D1A400427286 /* Project2.h */,
				D63D05081EB2D1A400427286 /* Project2.m */,
			);
			path = Project2;
			sourceTree = "<group>";
		};
		ED9FCA6F6C41979ED5DC526F /* Frameworks */ = {
			isa = PBXGroup;
			children = (
				3D1D9CB578CB7663441D4F37 /* libPods-Project2.a */,
			);
			name = Frameworks;
			sourceTree = "<group>";
		};
/* End PBXGroup section */

/* Begin PBXNativeTarget section */
		D63D05031EB2D1A400427286 /* Project2 */ = {
			isa = PBXNativeTarget;
			buildConfigurationList = D63D050D1EB2D1A400427286 /* Build configuration list for PBXNativeTarget "Project2" */;
			buildPhases = (
				32C537340E7E8283939554CA /* [CP] Check Pods Manifest.lock */,
				D63D05001EB2D1A400427286 /* Sources */,
				D63D05011EB2D1A400427286 /* Frameworks */,
				D63D05021EB2D1A400427286 /* CopyFiles */,
				3FA35050453ABCDBD0BF88BA /* [CP] Copy Pods Resources */,
			);
			buildRules = (
			);
			dependencies = (
			);
			name = Project2;
			productName = Project2;
			productReference = D63D05041EB2D1A400427286 /* libProject2.a */;
			productType = "com.apple.product-type.library.static";
		};
/* End PBXNativeTarget section */

/* Begin PBXProject section */
		D63D04FC1EB2D1A400427286 /* Project object */ = {
			isa = PBXProject;
			attributes = {
				LastUpgradeCheck = 0830;
				ORGANIZATIONNAME = chenjiangchuan;
				TargetAttributes = {
					D63D05031EB2D1A400427286 = {
						CreatedOnToolsVersion = 8.3.2;
						ProvisioningStyle = Automatic;
					};
				};
			};
			buildConfigurationList = D63D04FF1EB2D1A400427286 /* Build configuration list for PBXProject "Project2" */;
			compatibilityVersion = "Xcode 3.2";
			developmentRegion = English;
			hasScannedForEncodings = 0;
			knownRegions = (
				en,
			);
			mainGroup = D63D04FB1EB2D1A400427286;
			productRefGroup = D63D05051EB2D1A400427286 /* Products */;
			projectDirPath = "";
			projectRoot = "";
			targets = (
				D63D05031EB2D1A400427286 /* Project2 */,
			);
		};
/* End PBXProject section */

/* Begin PBXShellScriptBuildPhase section */
		32C537340E7E8283939554CA /* [CP] Check Pods Manifest.lock */ = {
			isa = PBXShellScriptBuildPhase;
			buildActionMask = 2147483647;
			files = (
			);
			inputPaths = (
			);
			name = "[CP] Check Pods Manifest.lock";
			outputPaths = (
			);
			runOnlyForDeploymentPostprocessing = 0;
			shellPath = /bin/sh;
			shellScript = "diff \"${PODS_ROOT}/../Podfile.lock\" \"${PODS_ROOT}/Manifest.lock\" > /dev/null\nif [ $? != 0 ] ; then\n    # print error to STDERR\n    echo \"error: The sandbox is not in sync with the Podfile.lock. Run 'pod install' or update your CocoaPods installation.\" >&2\n    exit 1\nfi\n";
			showEnvVarsInLog = 0;
		};
		3FA35050453ABCDBD0BF88BA /* [CP] Copy Pods Resources */ = {
			isa = PBXShellScriptBuildPhase;
			buildActionMask = 2147483647;
			files = (
			);
			inputPaths = (
			);
			name = "[CP] Copy Pods Resources";
			outputPaths = (
			);
			runOnlyForDeploymentPostprocessing = 0;
			shellPath = /bin/sh;
			shellScript = "\"${SRCROOT}/../Pods/Target Support Files/Pods-Project2/Pods-Project2-resources.sh\"\n";
			showEnvVarsInLog = 0;
		};
/* End PBXShellScriptBuildPhase section */

/* Begin PBXSourcesBuildPhase section */
		D63D05001EB2D1A400427286 /* Sources */ = {
			isa = PBXSourcesBuildPhase;
			buildActionMask = 2147483647;
			files = (
				D63D05091EB2D1A400427286 /* Project2.m in Sources */,
			);
			runOnlyForDeploymentPostprocessing = 0;
		};
/* End PBXSourcesBuildPhase section */

/* Begin XCBuildConfiguration section */
		D63D050B1EB2D1A400427286 /* Debug */ = {
			isa = XCBuildConfiguration;
			buildSettings = {
				ALWAYS_SEARCH_USER_PATHS = NO;
				CLANG_ANALYZER_NONNULL = YES;
				CLANG_ANALYZER_NUMBER_OBJECT_CONVERSION = YES_AGGRESSIVE;
				CLANG_CXX_LANGUAGE_STANDARD = "gnu++0x";
				CLANG_CXX_LIBRARY = "libc++";
				CLANG_ENABLE_MODULES = YES;
				CLANG_ENABLE_OBJC_ARC = YES;
				CLANG_WARN_BOOL_CONVERSION = YES;
				CLANG_WARN_CONSTANT_CONVERSION = YES;
				CLANG_WARN_DIRECT_OBJC_ISA_USAGE = YES_ERROR;
				CLANG_WARN_DOCUMENTATION_COMMENTS = YES;
				CLANG_WARN_EMPTY_BODY = YES;
				CLANG_WARN_ENUM_CONVERSION = YES;
				CLANG_WARN_INFINITE_RECURSION = YES;
				CLANG_WARN_INT_CONVERSION = YES;
				CLANG_WARN_OBJC_ROOT_CLASS = YES_ERROR;
				CLANG_WARN_SUSPICIOUS_MOVE = YES;
				CLANG_WARN_UNREACHABLE_CODE = YES;
				CLANG_WARN__DUPLICATE_METHOD_MATCH = YES;
				"CODE_SIGN_IDENTITY[sdk=iphoneos*]" = "iPhone Developer";
				COPY_PHASE_STRIP = NO;
				DEBUG_INFORMATION_FORMAT = dwarf;
				ENABLE_STRICT_OBJC_MSGSEND = YES;
				ENABLE_TESTABILITY = YES;
				GCC_C_LANGUAGE_STANDARD = gnu99;
				GCC_DYNAMIC_NO_PIC = NO;
				GCC_NO_COMMON_BLOCKS = YES;
				GCC_OPTIMIZATION_LEVEL = 0;
				GCC_PREPROCESSOR_DEFINITIONS = (
					"DEBUG=1",
					"$(inherited)",
				);
				GCC_WARN_64_TO_32_BIT_CONVERSION = YES;
				GCC_WARN_ABOUT_RETURN_TYPE = YES_ERROR;
				GCC_WARN_UNDECLARED_SELECTOR = YES;
				GCC_WARN_UNINITIALIZED_AUTOS = YES_AGGRESSIVE;
				GCC_WARN_UNUSED_FUNCTION = YES;
				GCC_WARN_UNUSED_VARIABLE = YES;
				IPHONEOS_DEPLOYMENT_TARGET = 10.3;
				MTL_ENABLE_DEBUG_INFO = YES;
				ONLY_ACTIVE_ARCH = YES;
				SDKROOT = iphoneos;
			};
			name = Debug;
		};
		D63D050C1EB2D1A400427286 /* Release */ = {
			isa = XCBuildConfiguration;
			buildSettings = {
				ALWAYS_SEARCH_USER_PATHS = NO;
				CLANG_ANALYZER_NONNULL = YES;
				CLANG_ANALYZER_NUMBER_OBJECT_CONVERSION = YES_AGGRESSIVE;
				CLANG_CXX_LANGUAGE_STANDARD = "gnu++0x";
				CLANG_CXX_LIBRARY = "libc++";
				CLANG_ENABLE_MODULES = YES;
				CLANG_ENABLE_OBJC_ARC = YES;
				CLANG_WARN_BOOL_CONVERSION = YES;
				CLANG_WARN_CONSTANT_CONVERSION = YES;
				CLANG_WARN_DIRECT_OBJC_ISA_USAGE = YES_ERROR;
				CLANG_WARN_DOCUMENTATION_COMMENTS = YES;
				CLANG_WARN_EMPTY_BODY = YES;
				CLANG_WARN_ENUM_CONVERSION = YES;
				CLANG_WARN_INFINITE_RECURSION = YES;
				CLANG_WARN_INT_CONVERSION = YES;
				CLANG_WARN_OBJC_ROOT_CLASS = YES_ERROR;
				CLANG_WARN_SUSPICIOUS_MOVE = YES;
				CLANG_WARN_UNREACHABLE_CODE = YES;
				CLANG_WARN__DUPLICATE_METHOD_MATCH = YES;
				"CODE_SIGN_IDENTITY[sdk=iphoneos*]" = "iPhone Developer";
				COPY_PHASE_STRIP = NO;
				DEBUG_INFORMATION_FORMAT = "dwarf-with-dsym";
				ENABLE_NS_ASSERTIONS = NO;
				ENABLE_STRICT_OBJC_MSGSEND = YES;
				GCC_C_LANGUAGE_STANDARD = gnu99;
				GCC_NO_COMMON_BLOCKS = YES;
				GCC_WARN_64_TO_32_BIT_CONVERSION = YES;
				GCC_WARN_ABOUT_RETURN_TYPE = YES_ERROR;
				GCC_WARN_UNDECLARED_SELECTOR = YES;
				GCC_WARN_UNINITIALIZED_AUTOS = YES_AGGRESSIVE;
				GCC_WARN_UNUSED_FUNCTION = YES;
				GCC_WARN_UNUSED_VARIABLE = YES;
				IPHONEOS_DEPLOYMENT_TARGET = 10.3;
				MTL_ENABLE_DEBUG_INFO = NO;
				SDKROOT = iphoneos;
				VALIDATE_PRODUCT = YES;
			};
			name = Release;
		};
		D63D050E1EB2D1A400427286 /* Debug */ = {
			isa = XCBuildConfiguration;
			baseConfigurationReference = 9C1CB706888D246FD97B9418 /* Pods-Project2.debug.xcconfig */;
			buildSettings = {
				OTHER_LDFLAGS = "-ObjC";
				PRODUCT_NAME = "$(TARGET_NAME)";
				SKIP_INSTALL = YES;
			};
			name = Debug;
		};
		D63D050F1EB2D1A400427286 /* Release */ = {
			isa = XCBuildConfiguration;
			baseConfigurationReference = A32C1CD4FBB3C9B1E2A95B86 /* Pods-Project2.release.xcconfig */;
			buildSettings = {
				OTHER_LDFLAGS = "-ObjC";
				PRODUCT_NAME = "$(TARGET_NAME)";
				SKIP_INSTALL = YES;
			};
			name = Release;
		};
/* End XCBuildConfiguration section */

/* Begin XCConfigurationList section */
		D63D04FF1EB2D1A400427286 /* Build configuration list for PBXProject "Project2" */ = {
			isa = XCConfigurationList;
			buildConfigurations = (
				D63D050B1EB2D1A400427286 /* Debug */,
				D63D050C1EB2D1A400427286 /* Release */,
			);
			defaultConfigurationIsVisible = 0;
			defaultConfigurationName = Release;
		};
		D63D050D1EB2D1A400427286 /* Build configuration list for PBXNativeTarget "Project2" */ = {
			isa = XCConfigurationList;
			buildConfigurations = (
				D63D050E1EB2D1A400427286 /* Debug */,
				D63D050F1EB2D1A400427286 /* Release */,
			);
			defaultConfigurationIsVisible = 0;
		};
/* End XCConfigurationList section */
	};
	rootObject = D63D04FC1EB2D1A400427286 /* Project object */;
}
